// !$*UTF8*$!
{
	archiveVersion = 1;
	classes = {
	};
	objectVersion = 50;
	objects = {

/* Begin PBXBuildFile section */
		A1209D8C25988DD800BBE65C /* GeneratorManager.swift in Sources */ = {isa = PBXBuildFile; fileRef = A1209D8B25988DD800BBE65C /* GeneratorManager.swift */; };
		A1209D922598A22B00BBE65C /* MainViewController+LoadView.swift in Sources */ = {isa = PBXBuildFile; fileRef = A1209D912598A22B00BBE65C /* MainViewController+LoadView.swift */; };
		A1209D962598A37200BBE65C /* MainViewController+Action.swift in Sources */ = {isa = PBXBuildFile; fileRef = A1209D952598A37200BBE65C /* MainViewController+Action.swift */; };
		A1209D9C2598E11400BBE65C /* GeneratorManager+Session.swift in Sources */ = {isa = PBXBuildFile; fileRef = A1209D9B2598E11400BBE65C /* GeneratorManager+Session.swift */; };
		A1209DA02598E14B00BBE65C /* GeneratorManager+Defaults.swift in Sources */ = {isa = PBXBuildFile; fileRef = A1209D9F2598E14B00BBE65C /* GeneratorManager+Defaults.swift */; };
		A1209DA62599392C00BBE65C /* AudioSessionProtocol.swift in Sources */ = {isa = PBXBuildFile; fileRef = A1209DA52599392C00BBE65C /* AudioSessionProtocol.swift */; };
		A1474A7A2529E30200A734E5 /* String+Utils.swift in Sources */ = {isa = PBXBuildFile; fileRef = A1474A792529E30200A734E5 /* String+Utils.swift */; };
		A1474A87252A75C600A734E5 /* WhiteNoiseGenerator.swift in Sources */ = {isa = PBXBuildFile; fileRef = A1474A86252A75C600A734E5 /* WhiteNoiseGenerator.swift */; };
		A1474A8F252A77B700A734E5 /* WhiteNoiseGenerator+Data.swift in Sources */ = {isa = PBXBuildFile; fileRef = A1474A8E252A77B700A734E5 /* WhiteNoiseGenerator+Data.swift */; };
		A173BC8825299F8B0091B483 /* AppDelegate.swift in Sources */ = {isa = PBXBuildFile; fileRef = A173BC8725299F8B0091B483 /* AppDelegate.swift */; };
		A173BC8C25299F8B0091B483 /* MainViewController.swift in Sources */ = {isa = PBXBuildFile; fileRef = A173BC8B25299F8B0091B483 /* MainViewController.swift */; };
		A173BC9125299F8C0091B483 /* Assets.xcassets in Resources */ = {isa = PBXBuildFile; fileRef = A173BC9025299F8C0091B483 /* Assets.xcassets */; };
		A173BC9425299F8C0091B483 /* LaunchScreen.storyboard in Resources */ = {isa = PBXBuildFile; fileRef = A173BC9225299F8C0091B483 /* LaunchScreen.storyboard */; };
		A173BC9D2529AFD90091B483 /* AtomicWrapper.swift in Sources */ = {isa = PBXBuildFile; fileRef = A173BC9C2529AFD90091B483 /* AtomicWrapper.swift */; };
		A173BCA02529B2680091B483 /* KernelAudioUnit.swift in Sources */ = {isa = PBXBuildFile; fileRef = A173BC9F2529B2680091B483 /* KernelAudioUnit.swift */; };
		A173BCAC2529B5CD0091B483 /* AudioUnitSampleKernel.swift in Sources */ = {isa = PBXBuildFile; fileRef = A173BCAB2529B5CD0091B483 /* AudioUnitSampleKernel.swift */; };
		A173BCAF2529BCB30091B483 /* WhiteNoiseGenerator+Utils.swift in Sources */ = {isa = PBXBuildFile; fileRef = A173BCAE2529BCB30091B483 /* WhiteNoiseGenerator+Utils.swift */; };
		A173BCB22529BCE00091B483 /* WhiteNoiseGenerator+Render.swift in Sources */ = {isa = PBXBuildFile; fileRef = A173BCB12529BCE00091B483 /* WhiteNoiseGenerator+Render.swift */; };
/* End PBXBuildFile section */

/* Begin PBXFileReference section */
		A1209D8B25988DD800BBE65C /* GeneratorManager.swift */ = {isa = PBXFileReference; lastKnownFileType = sourcecode.swift; path = GeneratorManager.swift; sourceTree = "<group>"; };
		A1209D8F259897E900BBE65C /* NoiseExample.entitlements */ = {isa = PBXFileReference; lastKnownFileType = text.plist.entitlements; path = NoiseExample.entitlements; sourceTree = "<group>"; };
		A1209D912598A22B00BBE65C /* MainViewController+LoadView.swift */ = {isa = PBXFileReference; lastKnownFileType = sourcecode.swift; path = "MainViewController+LoadView.swift"; sourceTree = "<group>"; };
		A1209D952598A37200BBE65C /* MainViewController+Action.swift */ = {isa = PBXFileReference; lastKnownFileType = sourcecode.swift; path = "MainViewController+Action.swift"; sourceTree = "<group>"; };
		A1209D9B2598E11400BBE65C /* GeneratorManager+Session.swift */ = {isa = PBXFileReference; lastKnownFileType = sourcecode.swift; path = "GeneratorManager+Session.swift"; sourceTree = "<group>"; };
		A1209D9F2598E14B00BBE65C /* GeneratorManager+Defaults.swift */ = {isa = PBXFileReference; lastKnownFileType = sourcecode.swift; path = "GeneratorManager+Defaults.swift"; sourceTree = "<group>"; };
		A1209DA52599392C00BBE65C /* AudioSessionProtocol.swift */ = {isa = PBXFileReference; lastKnownFileType = sourcecode.swift; path = AudioSessionProtocol.swift; sourceTree = "<group>"; };
		A1474A792529E30200A734E5 /* String+Utils.swift */ = {isa = PBXFileReference; lastKnownFileType = sourcecode.swift; path = "String+Utils.swift"; sourceTree = "<group>"; };
		A1474A86252A75C600A734E5 /* WhiteNoiseGenerator.swift */ = {isa = PBXFileReference; lastKnownFileType = sourcecode.swift; path = WhiteNoiseGenerator.swift; sourceTree = "<group>"; };
		A1474A8E252A77B700A734E5 /* WhiteNoiseGenerator+Data.swift */ = {isa = PBXFileReference; lastKnownFileType = sourcecode.swift; path = "WhiteNoiseGenerator+Data.swift"; sourceTree = "<group>"; };
		A173BC8425299F8B0091B483 /* NoiseExample.app */ = {isa = PBXFileReference; explicitFileType = wrapper.application; includeInIndex = 0; path = NoiseExample.app; sourceTree = BUILT_PRODUCTS_DIR; };
		A173BC8725299F8B0091B483 /* AppDelegate.swift */ = {isa = PBXFileReference; lastKnownFileType = sourcecode.swift; path = AppDelegate.swift; sourceTree = "<group>"; };
		A173BC8B25299F8B0091B483 /* MainViewController.swift */ = {isa = PBXFileReference; lastKnownFileType = sourcecode.swift; path = MainViewController.swift; sourceTree = "<group>"; };
		A173BC9025299F8C0091B483 /* Assets.xcassets */ = {isa = PBXFileReference; lastKnownFileType = folder.assetcatalog; path = Assets.xcassets; sourceTree = "<group>"; };
		A173BC9325299F8C0091B483 /* Base */ = {isa = PBXFileReference; lastKnownFileType = file.storyboard; name = Base; path = Base.lproj/LaunchScreen.storyboard; sourceTree = "<group>"; };
		A173BC9525299F8C0091B483 /* Info.plist */ = {isa = PBXFileReference; lastKnownFileType = text.plist.xml; path = Info.plist; sourceTree = "<group>"; };
		A173BC9C2529AFD90091B483 /* AtomicWrapper.swift */ = {isa = PBXFileReference; lastKnownFileType = sourcecode.swift; path = AtomicWrapper.swift; sourceTree = "<group>"; };
		A173BC9F2529B2680091B483 /* KernelAudioUnit.swift */ = {isa = PBXFileReference; lastKnownFileType = sourcecode.swift; path = KernelAudioUnit.swift; sourceTree = "<group>"; };
		A173BCAB2529B5CD0091B483 /* AudioUnitSampleKernel.swift */ = {isa = PBXFileReference; lastKnownFileType = sourcecode.swift; path = AudioUnitSampleKernel.swift; sourceTree = "<group>"; };
		A173BCAE2529BCB30091B483 /* WhiteNoiseGenerator+Utils.swift */ = {isa = PBXFileReference; lastKnownFileType = sourcecode.swift; path = "WhiteNoiseGenerator+Utils.swift"; sourceTree = "<group>"; };
		A173BCB12529BCE00091B483 /* WhiteNoiseGenerator+Render.swift */ = {isa = PBXFileReference; lastKnownFileType = sourcecode.swift; path = "WhiteNoiseGenerator+Render.swift"; sourceTree = "<group>"; };
/* End PBXFileReference section */

/* Begin PBXFrameworksBuildPhase section */
		A173BC8125299F8B0091B483 /* Frameworks */ = {
			isa = PBXFrameworksBuildPhase;
			buildActionMask = 2147483647;
			files = (
			);
			runOnlyForDeploymentPostprocessing = 0;
		};
/* End PBXFrameworksBuildPhase section */

/* Begin PBXGroup section */
		A1209D982598AFDD00BBE65C /* Main */ = {
			isa = PBXGroup;
			children = (
				A173BC8B25299F8B0091B483 /* MainViewController.swift */,
				A1209D912598A22B00BBE65C /* MainViewController+LoadView.swift */,
				A1209D952598A37200BBE65C /* MainViewController+Action.swift */,
			);
			path = Main;
			sourceTree = "<group>";
		};
		A1209DA22598E1AC00BBE65C /* GeneratorManager */ = {
			isa = PBXGroup;
			children = (
				A1209D8B25988DD800BBE65C /* GeneratorManager.swift */,
				A1209D9B2598E11400BBE65C /* GeneratorManager+Session.swift */,
				A1209D9F2598E14B00BBE65C /* GeneratorManager+Defaults.swift */,
			);
			path = GeneratorManager;
			sourceTree = "<group>";
		};
		A1474A8C252A773D00A734E5 /* Kernel */ = {
			isa = PBXGroup;
			children = (
				A173BCAB2529B5CD0091B483 /* AudioUnitSampleKernel.swift */,
				A173BC9F2529B2680091B483 /* KernelAudioUnit.swift */,
			);
			path = Kernel;
			sourceTree = "<group>";
		};
		A173BC7B25299F8B0091B483 = {
			isa = PBXGroup;
			children = (
				A173BC8625299F8B0091B483 /* NoiseExample */,
				A173BC8525299F8B0091B483 /* Products */,
			);
			sourceTree = "<group>";
		};
		A173BC8525299F8B0091B483 /* Products */ = {
			isa = PBXGroup;
			children = (
				A173BC8425299F8B0091B483 /* NoiseExample.app */,
			);
			name = Products;
			sourceTree = "<group>";
		};
		A173BC8625299F8B0091B483 /* NoiseExample */ = {
			isa = PBXGroup;
			children = (
				A19F5962253354FA004ABB3A /* Scene */,
				A173BCA22529B4A40091B483 /* Utils */,
				A173BCA62529B5300091B483 /* Audio */,
				A173BCA72529B5450091B483 /* Resources */,
				A173BCA32529B4B40091B483 /* Support */,
				A173BC8725299F8B0091B483 /* AppDelegate.swift */,
			);
			path = NoiseExample;
			sourceTree = "<group>";
		};
		A173BCA22529B4A40091B483 /* Utils */ = {
			isa = PBXGroup;
			children = (
				A173BC9C2529AFD90091B483 /* AtomicWrapper.swift */,
				A1474A792529E30200A734E5 /* String+Utils.swift */,
			);
			path = Utils;
			sourceTree = "<group>";
		};
		A173BCA32529B4B40091B483 /* Support */ = {
			isa = PBXGroup;
			children = (
				A1209D8F259897E900BBE65C /* NoiseExample.entitlements */,
				A173BC9225299F8C0091B483 /* LaunchScreen.storyboard */,
				A173BC9525299F8C0091B483 /* Info.plist */,
			);
			path = Support;
			sourceTree = "<group>";
		};
		A173BCA62529B5300091B483 /* Audio */ = {
			isa = PBXGroup;
			children = (
				A1209DA22598E1AC00BBE65C /* GeneratorManager */,
				A173BCAA2529B5A50091B483 /* WhiteNoise */,
				A1209DA52599392C00BBE65C /* AudioSessionProtocol.swift */,
			);
			path = Audio;
			sourceTree = "<group>";
		};
		A173BCA72529B5450091B483 /* Resources */ = {
			isa = PBXGroup;
			children = (
				A173BC9025299F8C0091B483 /* Assets.xcassets */,
			);
			path = Resources;
			sourceTree = "<group>";
		};
		A173BCAA2529B5A50091B483 /* WhiteNoise */ = {
			isa = PBXGroup;
			children = (
				A1474A8C252A773D00A734E5 /* Kernel */,
				A1474A86252A75C600A734E5 /* WhiteNoiseGenerator.swift */,
				A173BCAE2529BCB30091B483 /* WhiteNoiseGenerator+Utils.swift */,
				A173BCB12529BCE00091B483 /* WhiteNoiseGenerator+Render.swift */,
				A1474A8E252A77B700A734E5 /* WhiteNoiseGenerator+Data.swift */,
			);
			path = WhiteNoise;
			sourceTree = "<group>";
		};
		A19F5962253354FA004ABB3A /* Scene */ = {
			isa = PBXGroup;
			children = (
				A1209D982598AFDD00BBE65C /* Main */,
			);
			path = Scene;
			sourceTree = "<group>";
		};
/* End PBXGroup section */

/* Begin PBXNativeTarget section */
		A173BC8325299F8B0091B483 /* NoiseExample */ = {
			isa = PBXNativeTarget;
			buildConfigurationList = A173BC9825299F8C0091B483 /* Build configuration list for PBXNativeTarget "NoiseExample" */;
			buildPhases = (
				A173BC8025299F8B0091B483 /* Sources */,
				A173BC8125299F8B0091B483 /* Frameworks */,
				A173BC8225299F8B0091B483 /* Resources */,
			);
			buildRules = (
			);
			dependencies = (
			);
			name = NoiseExample;
			productName = NoiseExample;
			productReference = A173BC8425299F8B0091B483 /* NoiseExample.app */;
			productType = "com.apple.product-type.application";
		};
/* End PBXNativeTarget section */

/* Begin PBXProject section */
		A173BC7C25299F8B0091B483 /* Project object */ = {
			isa = PBXProject;
			attributes = {
				LastSwiftUpdateCheck = 1200;
				LastUpgradeCheck = 1200;
				TargetAttributes = {
					A173BC8325299F8B0091B483 = {
						CreatedOnToolsVersion = 12.0.1;
					};
				};
			};
			buildConfigurationList = A173BC7F25299F8B0091B483 /* Build configuration list for PBXProject "NoiseExample" */;
			compatibilityVersion = "Xcode 9.3";
			developmentRegion = en;
			hasScannedForEncodings = 0;
			knownRegions = (
				en,
				Base,
			);
			mainGroup = A173BC7B25299F8B0091B483;
			productRefGroup = A173BC8525299F8B0091B483 /* Products */;
			projectDirPath = "";
			projectRoot = "";
			targets = (
				A173BC8325299F8B0091B483 /* NoiseExample */,
			);
		};
/* End PBXProject section */

/* Begin PBXResourcesBuildPhase section */
		A173BC8225299F8B0091B483 /* Resources */ = {
			isa = PBXResourcesBuildPhase;
			buildActionMask = 2147483647;
			files = (
				A173BC9425299F8C0091B483 /* LaunchScreen.storyboard in Resources */,
				A173BC9125299F8C0091B483 /* Assets.xcassets in Resources */,
			);
			runOnlyForDeploymentPostprocessing = 0;
		};
/* End PBXResourcesBuildPhase section */

/* Begin PBXSourcesBuildPhase section */
		A173BC8025299F8B0091B483 /* Sources */ = {
			isa = PBXSourcesBuildPhase;
			buildActionMask = 2147483647;
			files = (
				A1474A7A2529E30200A734E5 /* String+Utils.swift in Sources */,
				A173BCB22529BCE00091B483 /* WhiteNoiseGenerator+Render.swift in Sources */,
				A1209DA62599392C00BBE65C /* AudioSessionProtocol.swift in Sources */,
				A1209D962598A37200BBE65C /* MainViewController+Action.swift in Sources */,
				A173BC9D2529AFD90091B483 /* AtomicWrapper.swift in Sources */,
				A173BCAC2529B5CD0091B483 /* AudioUnitSampleKernel.swift in Sources */,
				A1474A8F252A77B700A734E5 /* WhiteNoiseGenerator+Data.swift in Sources */,
				A1209D8C25988DD800BBE65C /* GeneratorManager.swift in Sources */,
				A173BC8C25299F8B0091B483 /* MainViewController.swift in Sources */,
				A1209DA02598E14B00BBE65C /* GeneratorManager+Defaults.swift in Sources */,
				A1209D9C2598E11400BBE65C /* GeneratorManager+Session.swift in Sources */,
				A173BC8825299F8B0091B483 /* AppDelegate.swift in Sources */,
				A173BCA02529B2680091B483 /* KernelAudioUnit.swift in Sources */,
				A1474A87252A75C600A734E5 /* WhiteNoiseGenerator.swift in Sources */,
				A1209D922598A22B00BBE65C /* MainViewController+LoadView.swift in Sources */,
				A173BCAF2529BCB30091B483 /* WhiteNoiseGenerator+Utils.swift in Sources */,
			);
			runOnlyForDeploymentPostprocessing = 0;
		};
/* End PBXSourcesBuildPhase section */

/* Begin PBXVariantGroup section */
		A173BC9225299F8C0091B483 /* LaunchScreen.storyboard */ = {
			isa = PBXVariantGroup;
			children = (
				A173BC9325299F8C0091B483 /* Base */,
			);
			name = LaunchScreen.storyboard;
			sourceTree = "<group>";
		};
/* End PBXVariantGroup section */

/* Begin XCBuildConfiguration section */
		A173BC9625299F8C0091B483 /* Debug */ = {
			isa = XCBuildConfiguration;
			buildSettings = {
				ALWAYS_SEARCH_USER_PATHS = NO;
				CLANG_ANALYZER_NONNULL = YES;
				CLANG_ANALYZER_NUMBER_OBJECT_CONVERSION = YES_AGGRESSIVE;
				CLANG_CXX_LANGUAGE_STANDARD = "gnu++14";
				CLANG_CXX_LIBRARY = "libc++";
				CLANG_ENABLE_MODULES = YES;
				CLANG_ENABLE_OBJC_ARC = YES;
				CLANG_ENABLE_OBJC_WEAK = YES;
				CLANG_WARN_BLOCK_CAPTURE_AUTORELEASING = YES;
				CLANG_WARN_BOOL_CONVERSION = YES;
				CLANG_WARN_COMMA = YES;
				CLANG_WARN_CONSTANT_CONVERSION = YES;
				CLANG_WARN_DEPRECATED_OBJC_IMPLEMENTATIONS = YES;
				CLANG_WARN_DIRECT_OBJC_ISA_USAGE = YES_ERROR;
				CLANG_WARN_DOCUMENTATION_COMMENTS = YES;
				CLANG_WARN_EMPTY_BODY = YES;
				CLANG_WARN_ENUM_CONVERSION = YES;
				CLANG_WARN_INFINITE_RECURSION = YES;
				CLANG_WARN_INT_CONVERSION = YES;
				CLANG_WARN_NON_LITERAL_NULL_CONVERSION = YES;
				CLANG_WARN_OBJC_IMPLICIT_RETAIN_SELF = YES;
				CLANG_WARN_OBJC_LITERAL_CONVERSION = YES;
				CLANG_WARN_OBJC_ROOT_CLASS = YES_ERROR;
				CLANG_WARN_QUOTED_INCLUDE_IN_FRAMEWORK_HEADER = YES;
				CLANG_WARN_RANGE_LOOP_ANALYSIS = YES;
				CLANG_WARN_STRICT_PROTOTYPES = YES;
				CLANG_WARN_SUSPICIOUS_MOVE = YES;
				CLANG_WARN_UNGUARDED_AVAILABILITY = YES_AGGRESSIVE;
				CLANG_WARN_UNREACHABLE_CODE = YES;
				CLANG_WARN__DUPLICATE_METHOD_MATCH = YES;
				COPY_PHASE_STRIP = NO;
				DEBUG_INFORMATION_FORMAT = dwarf;
				ENABLE_STRICT_OBJC_MSGSEND = YES;
				ENABLE_TESTABILITY = YES;
				GCC_C_LANGUAGE_STANDARD = gnu11;
				GCC_DYNAMIC_NO_PIC = NO;
				GCC_NO_COMMON_BLOCKS = YES;
				GCC_OPTIMIZATION_LEVEL = 0;
				GCC_PREPROCESSOR_DEFINITIONS = (
					"DEBUG=1",
					"$(inherited)",
				);
				GCC_WARN_64_TO_32_BIT_CONVERSION = YES;
				GCC_WARN_ABOUT_RETURN_TYPE = YES_ERROR;
				GCC_WARN_UNDECLARED_SELECTOR = YES;
				GCC_WARN_UNINITIALIZED_AUTOS = YES_AGGRESSIVE;
				GCC_WARN_UNUSED_FUNCTION = YES;
				GCC_WARN_UNUSED_VARIABLE = YES;
				IPHONEOS_DEPLOYMENT_TARGET = 13.0;
				MTL_ENABLE_DEBUG_INFO = INCLUDE_SOURCE;
				MTL_FAST_MATH = YES;
				ONLY_ACTIVE_ARCH = YES;
				SDKROOT = iphoneos;
				SWIFT_ACTIVE_COMPILATION_CONDITIONS = DEBUG;
				SWIFT_OPTIMIZATION_LEVEL = "-Onone";
			};
			name = Debug;
		};
		A173BC9725299F8C0091B483 /* Release */ = {
			isa = XCBuildConfiguration;
			buildSettings = {
				ALWAYS_SEARCH_USER_PATHS = NO;
				CLANG_ANALYZER_NONNULL = YES;
				CLANG_ANALYZER_NUMBER_OBJECT_CONVERSION = YES_AGGRESSIVE;
				CLANG_CXX_LANGUAGE_STANDARD = "gnu++14";
				CLANG_CXX_LIBRARY = "libc++";
				CLANG_ENABLE_MODULES = YES;
				CLANG_ENABLE_OBJC_ARC = YES;
				CLANG_ENABLE_OBJC_WEAK = YES;
				CLANG_WARN_BLOCK_CAPTURE_AUTORELEASING = YES;
				CLANG_WARN_BOOL_CONVERSION = YES;
				CLANG_WARN_COMMA = YES;
				CLANG_WARN_CONSTANT_CONVERSION = YES;
				CLANG_WARN_DEPRECATED_OBJC_IMPLEMENTATIONS = YES;
				CLANG_WARN_DIRECT_OBJC_ISA_USAGE = YES_ERROR;
				CLANG_WARN_DOCUMENTATION_COMMENTS = YES;
				CLANG_WARN_EMPTY_BODY = YES;
				CLANG_WARN_ENUM_CONVERSION = YES;
				CLANG_WARN_INFINITE_RECURSION = YES;
				CLANG_WARN_INT_CONVERSION = YES;
				CLANG_WARN_NON_LITERAL_NULL_CONVERSION = YES;
				CLANG_WARN_OBJC_IMPLICIT_RETAIN_SELF = YES;
				CLANG_WARN_OBJC_LITERAL_CONVERSION = YES;
				CLANG_WARN_OBJC_ROOT_CLASS = YES_ERROR;
				CLANG_WARN_QUOTED_INCLUDE_IN_FRAMEWORK_HEADER = YES;
				CLANG_WARN_RANGE_LOOP_ANALYSIS = YES;
				CLANG_WARN_STRICT_PROTOTYPES = YES;
				CLANG_WARN_SUSPICIOUS_MOVE = YES;
				CLANG_WARN_UNGUARDED_AVAILABILITY = YES_AGGRESSIVE;
				CLANG_WARN_UNREACHABLE_CODE = YES;
				CLANG_WARN__DUPLICATE_METHOD_MATCH = YES;
				COPY_PHASE_STRIP = NO;
				DEBUG_INFORMATION_FORMAT = "dwarf-with-dsym";
				ENABLE_NS_ASSERTIONS = NO;
				ENABLE_STRICT_OBJC_MSGSEND = YES;
				GCC_C_LANGUAGE_STANDARD = gnu11;
				GCC_NO_COMMON_BLOCKS = YES;
				GCC_WARN_64_TO_32_BIT_CONVERSION = YES;
				GCC_WARN_ABOUT_RETURN_TYPE = YES_ERROR;
				GCC_WARN_UNDECLARED_SELECTOR = YES;
				GCC_WARN_UNINITIALIZED_AUTOS = YES_AGGRESSIVE;
				GCC_WARN_UNUSED_FUNCTION = YES;
				GCC_WARN_UNUSED_VARIABLE = YES;
				IPHONEOS_DEPLOYMENT_TARGET = 13.0;
				MTL_ENABLE_DEBUG_INFO = NO;
				MTL_FAST_MATH = YES;
				SDKROOT = iphoneos;
				SWIFT_COMPILATION_MODE = wholemodule;
				SWIFT_OPTIMIZATION_LEVEL = "-O";
				VALIDATE_PRODUCT = YES;
			};
			name = Release;
		};
		A173BC9925299F8C0091B483 /* Debug */ = {
			isa = XCBuildConfiguration;
			buildSettings = {
				ASSETCATALOG_COMPILER_APPICON_NAME = AppIcon;
				ASSETCATALOG_COMPILER_GLOBAL_ACCENT_COLOR_NAME = AccentColor;
				CODE_SIGN_ENTITLEMENTS = NoiseExample/Support/NoiseExample.entitlements;
				CODE_SIGN_IDENTITY = "Apple Development";
				CODE_SIGN_STYLE = Automatic;
				DEVELOPMENT_TEAM = 33XKR35SSN;
				INFOPLIST_FILE = NoiseExample/Support/Info.plist;
				IPHONEOS_DEPLOYMENT_TARGET = 13.0;
				LD_RUNPATH_SEARCH_PATHS = (
					"$(inherited)",
					"@executable_path/Frameworks",
				);
				PRODUCT_BUNDLE_IDENTIFIER = com.tomasbaculak.noise.white.example;
				PRODUCT_NAME = "$(TARGET_NAME)";
				PROVISIONING_PROFILE_SPECIFIER = "";
				SUPPORTS_MACCATALYST = NO;
				SWIFT_VERSION = 5.0;
				TARGETED_DEVICE_FAMILY = "1,2";
			};
			name = Debug;
		};
		A173BC9A25299F8C0091B483 /* Release */ = {
			isa = XCBuildConfiguration;
			buildSettings = {
				ASSETCATALOG_COMPILER_APPICON_NAME = AppIcon;
				ASSETCATALOG_COMPILER_GLOBAL_ACCENT_COLOR_NAME = AccentColor;
				CODE_SIGN_ENTITLEMENTS = NoiseExample/Support/NoiseExample.entitlements;
				CODE_SIGN_IDENTITY = "Apple Development";
				CODE_SIGN_STYLE = Automatic;
				DEVELOPMENT_TEAM = 33XKR35SSN;
				INFOPLIST_FILE = NoiseExample/Support/Info.plist;
				IPHONEOS_DEPLOYMENT_TARGET = 13.0;
				LD_RUNPATH_SEARCH_PATHS = (
					"$(inherited)",
					"@executable_path/Frameworks",
				);
				PRODUCT_BUNDLE_IDENTIFIER = com.tomasbaculak.noise.white.example;
				PRODUCT_NAME = "$(TARGET_NAME)";
				PROVISIONING_PROFILE_SPECIFIER = "";
				SUPPORTS_MACCATALYST = NO;
				SWIFT_VERSION = 5.0;
				TARGETED_DEVICE_FAMILY = "1,2";
			};
			name = Release;
		};
/* End XCBuildConfiguration section */

/* Begin XCConfigurationList section */
		A173BC7F25299F8B0091B483 /* Build configuration list for PBXProject "NoiseExample" */ = {
			isa = XCConfigurationList;
			buildConfigurations = (
				A173BC9625299F8C0091B483 /* Debug */,
				A173BC9725299F8C0091B483 /* Release */,
			);
			defaultConfigurationIsVisible = 0;
			defaultConfigurationName = Release;
		};
		A173BC9825299F8C0091B483 /* Build configuration list for PBXNativeTarget "NoiseExample" */ = {
			isa = XCConfigurationList;
			buildConfigurations = (
				A173BC9925299F8C0091B483 /* Debug */,
				A173BC9A25299F8C0091B483 /* Release */,
			);
			defaultConfigurationIsVisible = 0;
			defaultConfigurationName = Release;
		};
/* End XCConfigurationList section */
	};
	rootObject = A173BC7C25299F8B0091B483 /* Project object */;
}
